<Solution>
  <Folder Name="/Solution Items/">
    <File Path="README.md" />
  </Folder>
  <Project Path="infrastructure/src/Infrastructure/Infrastructure.csproj" />
  <Project Path="src/TripFlow.CarService/TripFlow.CarService.csproj" />
  <Project Path="src/TripFlow.FlightService/TripFlow.FlightService.csproj" />
  <Project Path="src/TripFlow.HotelService/TripFlow.HotelService.csproj" />
  <Project Path="src/TripFlow.Shared/TripFlow.Shared.csproj" />
</Solution>
